dependencies:
  '@projectstorm/geometry': 6.4.2
  '@projectstorm/react-diagrams-core': 6.4.2
  '@projectstorm/react-diagrams-defaults': 6.4.2
lockfileVersion: 5.2
packages:
  /@projectstorm/geometry/6.4.2:
    dev: false
    resolution:
      integrity: sha512-9h2OKHYW79tUdRzZ0InJ5unZ57AC0PR7XLF3WXlPsomXoZAVzDcwBMqbUoQmnfXHN9hE6iGQhcYUxYcvFm3DgQ==
  /@projectstorm/react-canvas-core/6.4.2:
    dependencies:
      '@projectstorm/geometry': 6.4.2
    dev: false
    peerDependencies:
      closest: ^0.0.1
      lodash: 4.*
      react: 17.*
    resolution:
      integrity: sha512-e0rcBM3gWQg65PGF4AiRE/J5mk0vzHjIKPfA7HBX9wCUdOxSpHL9t1CVD+UZZog6UcZzm00wNH2SSLHxzuwkvg==
  /@projectstorm/react-diagrams-core/6.4.2:
    dependencies:
      '@projectstorm/geometry': 6.4.2
      '@projectstorm/react-canvas-core': 6.4.2
    dev: false
    peerDependencies:
      closest: ^0.0.1
      lodash: 4.*
      react: 17.*
      resize-observer-polyfill: ^1.5.1
    resolution:
      integrity: sha512-zcXcxW1WMiU3AvQwI4h2+rg6irk7uNl3ZGDr5VE9wEc9kRAuhLE8VIWgjW0y3x0M8zCtC7cM6+879f8hwWa2Pg==
  /@projectstorm/react-diagrams-defaults/6.4.2:
    dependencies:
      '@projectstorm/react-diagrams-core': 6.4.2
    dev: false
    peerDependencies:
      '@emotion/core': ^11.*
      '@emotion/styled': ^11.*
      lodash: 4.*
      react: 17.*
    resolution:
      integrity: sha512-O4zqfa6uG2Yd6EjWdDBcZuPgwBKUBw+jJLhmARAwAmQAbqIzSXhgvXCBac0zuLwkQSdf+i2zkk24+ENxRc29RQ==
specifiers:
  '@projectstorm/geometry': ^6.4.2
  '@projectstorm/react-diagrams-core': ^6.4.2
  '@projectstorm/react-diagrams-defaults': ^6.4.2
