{
	"name": "@projectstorm/react-diagrams-gallery",
	"version": "6.7.2-alpha.0",
	"lockfileVersion": 1,
	"requires": true,
	"dependencies": {
		"gsap": {
			"version": "3.0.1",
			"resolved": "https://registry.npmjs.org/gsap/-/gsap-3.0.1.tgz",
			"integrity": "sha512-9nzEBF7Ss9Ogyw6oEOXZxxVYH8WNRA/nHmIp3DrPOTKmlLxX9MN2ovSoH9TApA+rucBgp9veCedujp5oSQRvZw=="
		}
	}
}
